
Microsoft Visual Studio Solution File, Format Version 12.00
# Visual Studio 2012
Project("{FAE04EC0-301F-11D3-BF4B-00C04F79EFBC}") = "Allen20480", "Allen20480\Allen20480.csproj", "{A62F66B6-7C55-46E9-A6AA-2B96EBAA6982}"
EndProject
Global
	GlobalSection(SolutionConfigurationPlatforms) = preSolution
		Debug|Any CPU = Debug|Any CPU
		Release|Any CPU = Release|Any CPU
	EndGlobalSection
	GlobalSection(ProjectConfigurationPlatforms) = postSolution
		{A62F66B6-7C55-46E9-A6AA-2B96EBAA6982}.Debug|Any CPU.ActiveCfg = Debug|Any CPU
		{A62F66B6-7C55-46E9-A6AA-2B96EBAA6982}.Debug|Any CPU.Build.0 = Debug|Any CPU
		{A62F66B6-7C55-46E9-A6AA-2B96EBAA6982}.Release|Any CPU.ActiveCfg = Release|Any CPU
		{A62F66B6-7C55-46E9-A6AA-2B96EBAA6982}.Release|Any CPU.Build.0 = Release|Any CPU
	EndGlobalSection
	GlobalSection(SolutionProperties) = preSolution
		HideSolutionNode = FALSE
	EndGlobalSection
EndGlobal
